
Microsoft Visual Studio Solution File, Format Version 11.00
# Visual Studio 2010
Project("{FAE04EC0-301F-11D3-BF4B-00C04F79EFBC}") = "The Tenth Seal", "Assembly-CSharp-firstpass.csproj", "{1029A31C-9043-E52C-65D6-7CB6B4A991F1}"
EndProject
Project("{FAE04EC0-301F-11D3-BF4B-00C04F79EFBC}") = "The Tenth Seal", "Assembly-CSharp.csproj", "{CE030DFD-2151-36F8-4858-5F17BD1C2252}"
EndProject
Project("{FAE04EC0-301F-11D3-BF4B-00C04F79EFBC}") = "The Tenth Seal", "Assembly-CSharp-Editor-firstpass.csproj", "{DD831A1A-288F-EA83-A4AE-611BBF1671D1}"
EndProject
Project("{FAE04EC0-301F-11D3-BF4B-00C04F79EFBC}") = "The Tenth Seal", "Assembly-CSharp-Editor.csproj", "{43779342-D818-BEAE-8CC9-273D4F143BE1}"
EndProject
Global
	GlobalSection(SolutionConfigurationPlatforms) = preSolution
		Debug|Any CPU = Debug|Any CPU
		Release|Any CPU = Release|Any CPU
	EndGlobalSection
	GlobalSection(ProjectConfigurationPlatforms) = postSolution
		{1029A31C-9043-E52C-65D6-7CB6B4A991F1}.Debug|Any CPU.ActiveCfg = Debug|Any CPU
		{1029A31C-9043-E52C-65D6-7CB6B4A991F1}.Debug|Any CPU.Build.0 = Debug|Any CPU
		{1029A31C-9043-E52C-65D6-7CB6B4A991F1}.Release|Any CPU.ActiveCfg = Release|Any CPU
		{1029A31C-9043-E52C-65D6-7CB6B4A991F1}.Release|Any CPU.Build.0 = Release|Any CPU
		{CE030DFD-2151-36F8-4858-5F17BD1C2252}.Debug|Any CPU.ActiveCfg = Debug|Any CPU
		{CE030DFD-2151-36F8-4858-5F17BD1C2252}.Debug|Any CPU.Build.0 = Debug|Any CPU
		{CE030DFD-2151-36F8-4858-5F17BD1C2252}.Release|Any CPU.ActiveCfg = Release|Any CPU
		{CE030DFD-2151-36F8-4858-5F17BD1C2252}.Release|Any CPU.Build.0 = Release|Any CPU
		{DD831A1A-288F-EA83-A4AE-611BBF1671D1}.Debug|Any CPU.ActiveCfg = Debug|Any CPU
		{DD831A1A-288F-EA83-A4AE-611BBF1671D1}.Debug|Any CPU.Build.0 = Debug|Any CPU
		{DD831A1A-288F-EA83-A4AE-611BBF1671D1}.Release|Any CPU.ActiveCfg = Release|Any CPU
		{DD831A1A-288F-EA83-A4AE-611BBF1671D1}.Release|Any CPU.Build.0 = Release|Any CPU
		{43779342-D818-BEAE-8CC9-273D4F143BE1}.Debug|Any CPU.ActiveCfg = Debug|Any CPU
		{43779342-D818-BEAE-8CC9-273D4F143BE1}.Debug|Any CPU.Build.0 = Debug|Any CPU
		{43779342-D818-BEAE-8CC9-273D4F143BE1}.Release|Any CPU.ActiveCfg = Release|Any CPU
		{43779342-D818-BEAE-8CC9-273D4F143BE1}.Release|Any CPU.Build.0 = Release|Any CPU
	EndGlobalSection
	GlobalSection(SolutionProperties) = preSolution
		HideSolutionNode = FALSE
	EndGlobalSection
	GlobalSection(MonoDevelopProperties) = preSolution
		StartupItem = Assembly-CSharp.csproj
	EndGlobalSection
EndGlobal
